// !$*UTF8*$!
{
	archiveVersion = 1;
	classes = {
	};
	objectVersion = 50;
	objects = {

/* Begin PBXBuildFile section */
		BFB18F9F22850274006C79FE /* MathFuncsLib.cpp in Sources */ = {isa = PBXBuildFile; fileRef = BFB18F9E22850274006C79FE /* MathFuncsLib.cpp */; };
		BFB18FC6228A7E0F006C79FE /* BigNumbers.cpp in Sources */ = {isa = PBXBuildFile; fileRef = BFB18FC4228A7E0F006C79FE /* BigNumbers.cpp */; };
		BFB18FC7228A7E0F006C79FE /* BigNumbers.hpp in Headers */ = {isa = PBXBuildFile; fileRef = BFB18FC5228A7E0F006C79FE /* BigNumbers.hpp */; };
/* End PBXBuildFile section */

/* Begin PBXFileReference section */
		BFB18F96228501ED006C79FE /* libMathFuncsLibs.a */ = {isa = PBXFileReference; explicitFileType = archive.ar; includeInIndex = 0; path = libMathFuncsLibs.a; sourceTree = BUILT_PRODUCTS_DIR; };
		BFB18F9D22850230006C79FE /* MathFuncsLib.h */ = {isa = PBXFileReference; lastKnownFileType = sourcecode.c.h; path = MathFuncsLib.h; sourceTree = "<group>"; };
		BFB18F9E22850274006C79FE /* MathFuncsLib.cpp */ = {isa = PBXFileReference; lastKnownFileType = sourcecode.cpp.cpp; path = MathFuncsLib.cpp; sourceTree = "<group>"; };
		BFB18FC4228A7E0F006C79FE /* BigNumbers.cpp */ = {isa = PBXFileReference; lastKnownFileType = sourcecode.cpp.cpp; path = BigNumbers.cpp; sourceTree = "<group>"; };
		BFB18FC5228A7E0F006C79FE /* BigNumbers.hpp */ = {isa = PBXFileReference; lastKnownFileType = sourcecode.cpp.h; path = BigNumbers.hpp; sourceTree = "<group>"; };
/* End PBXFileReference section */

/* Begin PBXFrameworksBuildPhase section */
		BFB18F94228501ED006C79FE /* Frameworks */ = {
			isa = PBXFrameworksBuildPhase;
			buildActionMask = 2147483647;
			files = (
			);
			runOnlyForDeploymentPostprocessing = 0;
		};
/* End PBXFrameworksBuildPhase section */

/* Begin PBXGroup section */
		BFB18F8D228501ED006C79FE = {
			isa = PBXGroup;
			children = (
				BFB18FC4228A7E0F006C79FE /* BigNumbers.cpp */,
				BFB18FC5228A7E0F006C79FE /* BigNumbers.hpp */,
				BFB18F9E22850274006C79FE /* MathFuncsLib.cpp */,
				BFB18F9D22850230006C79FE /* MathFuncsLib.h */,
				BFB18F97228501ED006C79FE /* Products */,
			);
			sourceTree = "<group>";
		};
		BFB18F97228501ED006C79FE /* Products */ = {
			isa = PBXGroup;
			children = (
				BFB18F96228501ED006C79FE /* libMathFuncsLibs.a */,
			);
			name = Products;
			sourceTree = "<group>";
		};
/* End PBXGroup section */

/* Begin PBXHeadersBuildPhase section */
		BFB18F92228501ED006C79FE /* Headers */ = {
			isa = PBXHeadersBuildPhase;
			buildActionMask = 2147483647;
			files = (
				BFB18FC7228A7E0F006C79FE /* BigNumbers.hpp in Headers */,
			);
			runOnlyForDeploymentPostprocessing = 0;
		};
/* End PBXHeadersBuildPhase section */

/* Begin PBXNativeTarget section */
		BFB18F95228501ED006C79FE /* MathFuncsLibs */ = {
			isa = PBXNativeTarget;
			buildConfigurationList = BFB18F9A228501ED006C79FE /* Build configuration list for PBXNativeTarget "MathFuncsLibs" */;
			buildPhases = (
				BFB18F92228501ED006C79FE /* Headers */,
				BFB18F93228501ED006C79FE /* Sources */,
				BFB18F94228501ED006C79FE /* Frameworks */,
			);
			buildRules = (
			);
			dependencies = (
			);
			name = MathFuncsLibs;
			productName = MathFuncsLibs;
			productReference = BFB18F96228501ED006C79FE /* libMathFuncsLibs.a */;
			productType = "com.apple.product-type.library.static";
		};
/* End PBXNativeTarget section */

/* Begin PBXProject section */
		BFB18F8E228501ED006C79FE /* Project object */ = {
			isa = PBXProject;
			attributes = {
				LastUpgradeCheck = 1020;
				ORGANIZATIONNAME = "Ronald Tran";
				TargetAttributes = {
					BFB18F95228501ED006C79FE = {
						CreatedOnToolsVersion = 10.2.1;
					};
				};
			};
			buildConfigurationList = BFB18F91228501ED006C79FE /* Build configuration list for PBXProject "MathFuncsLibs" */;
			compatibilityVersion = "Xcode 9.3";
			developmentRegion = en;
			hasScannedForEncodings = 0;
			knownRegions = (
				en,
			);
			mainGroup = BFB18F8D228501ED006C79FE;
			productRefGroup = BFB18F97228501ED006C79FE /* Products */;
			projectDirPath = "";
			projectRoot = "";
			targets = (
				BFB18F95228501ED006C79FE /* MathFuncsLibs */,
			);
		};
/* End PBXProject section */

/* Begin PBXSourcesBuildPhase section */
		BFB18F93228501ED006C79FE /* Sources */ = {
			isa = PBXSourcesBuildPhase;
			buildActionMask = 2147483647;
			files = (
				BFB18F9F22850274006C79FE /* MathFuncsLib.cpp in Sources */,
				BFB18FC6228A7E0F006C79FE /* BigNumbers.cpp in Sources */,
			);
			runOnlyForDeploymentPostprocessing = 0;
		};
/* End PBXSourcesBuildPhase section */

/* Begin XCBuildConfiguration section */
		BFB18F98228501ED006C79FE /* Debug */ = {
			isa = XCBuildConfiguration;
			buildSettings = {
				ALWAYS_SEARCH_USER_PATHS = NO;
				CLANG_ANALYZER_NONNULL = YES;
				CLANG_ANALYZER_NUMBER_OBJECT_CONVERSION = YES_AGGRESSIVE;
				CLANG_CXX_LANGUAGE_STANDARD = "gnu++14";
				CLANG_CXX_LIBRARY = "libc++";
				CLANG_ENABLE_MODULES = YES;
				CLANG_ENABLE_OBJC_ARC = YES;
				CLANG_ENABLE_OBJC_WEAK = YES;
				CLANG_WARN_BLOCK_CAPTURE_AUTORELEASING = YES;
				CLANG_WARN_BOOL_CONVERSION = YES;
				CLANG_WARN_COMMA = YES;
				CLANG_WARN_CONSTANT_CONVERSION = YES;
				CLANG_WARN_DEPRECATED_OBJC_IMPLEMENTATIONS = YES;
				CLANG_WARN_DIRECT_OBJC_ISA_USAGE = YES_ERROR;
				CLANG_WARN_DOCUMENTATION_COMMENTS = YES;
				CLANG_WARN_EMPTY_BODY = YES;
				CLANG_WARN_ENUM_CONVERSION = YES;
				CLANG_WARN_INFINITE_RECURSION = YES;
				CLANG_WARN_INT_CONVERSION = YES;
				CLANG_WARN_NON_LITERAL_NULL_CONVERSION = YES;
				CLANG_WARN_OBJC_IMPLICIT_RETAIN_SELF = YES;
				CLANG_WARN_OBJC_LITERAL_CONVERSION = YES;
				CLANG_WARN_OBJC_ROOT_CLASS = YES_ERROR;
				CLANG_WARN_RANGE_LOOP_ANALYSIS = YES;
				CLANG_WARN_STRICT_PROTOTYPES = YES;
				CLANG_WARN_SUSPICIOUS_MOVE = YES;
				CLANG_WARN_UNGUARDED_AVAILABILITY = YES_AGGRESSIVE;
				CLANG_WARN_UNREACHABLE_CODE = YES;
				CLANG_WARN__DUPLICATE_METHOD_MATCH = YES;
				CODE_SIGN_IDENTITY = "-";
				COPY_PHASE_STRIP = NO;
				DEBUG_INFORMATION_FORMAT = dwarf;
				ENABLE_STRICT_OBJC_MSGSEND = YES;
				ENABLE_TESTABILITY = YES;
				GCC_C_LANGUAGE_STANDARD = gnu11;
				GCC_DYNAMIC_NO_PIC = NO;
				GCC_NO_COMMON_BLOCKS = YES;
				GCC_OPTIMIZATION_LEVEL = 0;
				GCC_PREPROCESSOR_DEFINITIONS = (
					"DEBUG=1",
					"$(inherited)",
				);
				GCC_WARN_64_TO_32_BIT_CONVERSION = YES;
				GCC_WARN_ABOUT_RETURN_TYPE = YES_ERROR;
				GCC_WARN_UNDECLARED_SELECTOR = YES;
				GCC_WARN_UNINITIALIZED_AUTOS = YES_AGGRESSIVE;
				GCC_WARN_UNUSED_FUNCTION = YES;
				GCC_WARN_UNUSED_VARIABLE = YES;
				MACOSX_DEPLOYMENT_TARGET = 10.14;
				MTL_ENABLE_DEBUG_INFO = INCLUDE_SOURCE;
				MTL_FAST_MATH = YES;
				ONLY_ACTIVE_ARCH = YES;
				SDKROOT = macosx;
			};
			name = Debug;
		};
		BFB18F99228501ED006C79FE /* Release */ = {
			isa = XCBuildConfiguration;
			buildSettings = {
				ALWAYS_SEARCH_USER_PATHS = NO;
				CLANG_ANALYZER_NONNULL = YES;
				CLANG_ANALYZER_NUMBER_OBJECT_CONVERSION = YES_AGGRESSIVE;
				CLANG_CXX_LANGUAGE_STANDARD = "gnu++14";
				CLANG_CXX_LIBRARY = "libc++";
				CLANG_ENABLE_MODULES = YES;
				CLANG_ENABLE_OBJC_ARC = YES;
				CLANG_ENABLE_OBJC_WEAK = YES;
				CLANG_WARN_BLOCK_CAPTURE_AUTORELEASING = YES;
				CLANG_WARN_BOOL_CONVERSION = YES;
				CLANG_WARN_COMMA = YES;
				CLANG_WARN_CONSTANT_CONVERSION = YES;
				CLANG_WARN_DEPRECATED_OBJC_IMPLEMENTATIONS = YES;
				CLANG_WARN_DIRECT_OBJC_ISA_USAGE = YES_ERROR;
				CLANG_WARN_DOCUMENTATION_COMMENTS = YES;
				CLANG_WARN_EMPTY_BODY = YES;
				CLANG_WARN_ENUM_CONVERSION = YES;
				CLANG_WARN_INFINITE_RECURSION = YES;
				CLANG_WARN_INT_CONVERSION = YES;
				CLANG_WARN_NON_LITERAL_NULL_CONVERSION = YES;
				CLANG_WARN_OBJC_IMPLICIT_RETAIN_SELF = YES;
				CLANG_WARN_OBJC_LITERAL_CONVERSION = YES;
				CLANG_WARN_OBJC_ROOT_CLASS = YES_ERROR;
				CLANG_WARN_RANGE_LOOP_ANALYSIS = YES;
				CLANG_WARN_STRICT_PROTOTYPES = YES;
				CLANG_WARN_SUSPICIOUS_MOVE = YES;
				CLANG_WARN_UNGUARDED_AVAILABILITY = YES_AGGRESSIVE;
				CLANG_WARN_UNREACHABLE_CODE = YES;
				CLANG_WARN__DUPLICATE_METHOD_MATCH = YES;
				CODE_SIGN_IDENTITY = "-";
				COPY_PHASE_STRIP = NO;
				DEBUG_INFORMATION_FORMAT = "dwarf-with-dsym";
				ENABLE_NS_ASSERTIONS = NO;
				ENABLE_STRICT_OBJC_MSGSEND = YES;
				GCC_C_LANGUAGE_STANDARD = gnu11;
				GCC_NO_COMMON_BLOCKS = YES;
				GCC_WARN_64_TO_32_BIT_CONVERSION = YES;
				GCC_WARN_ABOUT_RETURN_TYPE = YES_ERROR;
				GCC_WARN_UNDECLARED_SELECTOR = YES;
				GCC_WARN_UNINITIALIZED_AUTOS = YES_AGGRESSIVE;
				GCC_WARN_UNUSED_FUNCTION = YES;
				GCC_WARN_UNUSED_VARIABLE = YES;
				MACOSX_DEPLOYMENT_TARGET = 10.14;
				MTL_ENABLE_DEBUG_INFO = NO;
				MTL_FAST_MATH = YES;
				SDKROOT = macosx;
			};
			name = Release;
		};
		BFB18F9B228501ED006C79FE /* Debug */ = {
			isa = XCBuildConfiguration;
			buildSettings = {
				CODE_SIGN_STYLE = Automatic;
				EXECUTABLE_PREFIX = lib;
				PRODUCT_NAME = "$(TARGET_NAME)";
				SKIP_INSTALL = YES;
			};
			name = Debug;
		};
		BFB18F9C228501ED006C79FE /* Release */ = {
			isa = XCBuildConfiguration;
			buildSettings = {
				CODE_SIGN_STYLE = Automatic;
				EXECUTABLE_PREFIX = lib;
				PRODUCT_NAME = "$(TARGET_NAME)";
				SKIP_INSTALL = YES;
			};
			name = Release;
		};
/* End XCBuildConfiguration section */

/* Begin XCConfigurationList section */
		BFB18F91228501ED006C79FE /* Build configuration list for PBXProject "MathFuncsLibs" */ = {
			isa = XCConfigurationList;
			buildConfigurations = (
				BFB18F98228501ED006C79FE /* Debug */,
				BFB18F99228501ED006C79FE /* Release */,
			);
			defaultConfigurationIsVisible = 0;
			defaultConfigurationName = Release;
		};
		BFB18F9A228501ED006C79FE /* Build configuration list for PBXNativeTarget "MathFuncsLibs" */ = {
			isa = XCConfigurationList;
			buildConfigurations = (
				BFB18F9B228501ED006C79FE /* Debug */,
				BFB18F9C228501ED006C79FE /* Release */,
			);
			defaultConfigurationIsVisible = 0;
			defaultConfigurationName = Release;
		};
/* End XCConfigurationList section */
	};
	rootObject = BFB18F8E228501ED006C79FE /* Project object */;
}
